Microsoft Visual Studio Solution File, Format Version 12.00
# Visual Studio 15
VisualStudioVersion = 15.0.27130.2024
MinimumVisualStudioVersion = 10.0.40219.1
Project("{FAE04EC0-301F-11D3-BF4B-00C04F79EFBC}") = "miBoda", "miBoda\miBoda.csproj", "{D4B96C32-3918-48FE-A22A-789C401DB236}"
EndProject
Project("{FAE04EC0-301F-11D3-BF4B-00C04F79EFBC}") = "miBoda.iOS", "iOS\miBoda.iOS.csproj", "{2F888B0F-B585-43CC-921D-98F820CF5293}"
EndProject
Project("{FAE04EC0-301F-11D3-BF4B-00C04F79EFBC}") = "miBoda.Droid", "Droid\miBoda.Droid.csproj", "{322D7F4B-BE1A-4975-9844-72ED8BD508D4}"
EndProject
Global
	GlobalSection(SolutionConfigurationPlatforms) = preSolution
		Debug|Any CPU = Debug|Any CPU
		Debug|iPhone = Debug|iPhone
		Debug|iPhoneSimulator = Debug|iPhoneSimulator
		Release|Any CPU = Release|Any CPU
		Release|iPhone = Release|iPhone
		Release|iPhoneSimulator = Release|iPhoneSimulator
	EndGlobalSection
	GlobalSection(ProjectConfigurationPlatforms) = postSolution
		{D4B96C32-3918-48FE-A22A-789C401DB236}.Debug|Any CPU.ActiveCfg = Debug|Any CPU
		{D4B96C32-3918-48FE-A22A-789C401DB236}.Debug|Any CPU.Build.0 = Debug|Any CPU
		{D4B96C32-3918-48FE-A22A-789C401DB236}.Debug|iPhone.ActiveCfg = Debug|Any CPU
		{D4B96C32-3918-48FE-A22A-789C401DB236}.Debug|iPhone.Build.0 = Debug|Any CPU
		{D4B96C32-3918-48FE-A22A-789C401DB236}.Debug|iPhoneSimulator.ActiveCfg = Debug|Any CPU
		{D4B96C32-3918-48FE-A22A-789C401DB236}.Debug|iPhoneSimulator.Build.0 = Debug|Any CPU
		{D4B96C32-3918-48FE-A22A-789C401DB236}.Release|Any CPU.ActiveCfg = Release|Any CPU
		{D4B96C32-3918-48FE-A22A-789C401DB236}.Release|Any CPU.Build.0 = Release|Any CPU
		{D4B96C32-3918-48FE-A22A-789C401DB236}.Release|iPhone.ActiveCfg = Release|Any CPU
		{D4B96C32-3918-48FE-A22A-789C401DB236}.Release|iPhone.Build.0 = Release|Any CPU
		{D4B96C32-3918-48FE-A22A-789C401DB236}.Release|iPhoneSimulator.ActiveCfg = Release|Any CPU
		{D4B96C32-3918-48FE-A22A-789C401DB236}.Release|iPhoneSimulator.Build.0 = Release|Any CPU
		{2F888B0F-B585-43CC-921D-98F820CF5293}.Debug|Any CPU.ActiveCfg = Debug|iPhoneSimulator
		{2F888B0F-B585-43CC-921D-98F820CF5293}.Debug|Any CPU.Build.0 = Debug|iPhoneSimulator
		{2F888B0F-B585-43CC-921D-98F820CF5293}.Debug|iPhone.ActiveCfg = Debug|iPhone
		{2F888B0F-B585-43CC-921D-98F820CF5293}.Debug|iPhone.Build.0 = Debug|iPhone
		{2F888B0F-B585-43CC-921D-98F820CF5293}.Debug|iPhoneSimulator.ActiveCfg = Debug|iPhoneSimulator
		{2F888B0F-B585-43CC-921D-98F820CF5293}.Debug|iPhoneSimulator.Build.0 = Debug|iPhoneSimulator
		{2F888B0F-B585-43CC-921D-98F820CF5293}.Release|Any CPU.ActiveCfg = Release|iPhone
		{2F888B0F-B585-43CC-921D-98F820CF5293}.Release|Any CPU.Build.0 = Release|iPhone
		{2F888B0F-B585-43CC-921D-98F820CF5293}.Release|iPhone.ActiveCfg = Release|iPhone
		{2F888B0F-B585-43CC-921D-98F820CF5293}.Release|iPhone.Build.0 = Release|iPhone
		{2F888B0F-B585-43CC-921D-98F820CF5293}.Release|iPhoneSimulator.ActiveCfg = Release|iPhoneSimulator
		{2F888B0F-B585-43CC-921D-98F820CF5293}.Release|iPhoneSimulator.Build.0 = Release|iPhoneSimulator
		{322D7F4B-BE1A-4975-9844-72ED8BD508D4}.Debug|Any CPU.ActiveCfg = Debug|Any CPU
		{322D7F4B-BE1A-4975-9844-72ED8BD508D4}.Debug|Any CPU.Build.0 = Debug|Any CPU
		{322D7F4B-BE1A-4975-9844-72ED8BD508D4}.Debug|iPhone.ActiveCfg = Debug|Any CPU
		{322D7F4B-BE1A-4975-9844-72ED8BD508D4}.Debug|iPhone.Build.0 = Debug|Any CPU
		{322D7F4B-BE1A-4975-9844-72ED8BD508D4}.Debug|iPhoneSimulator.ActiveCfg = Debug|Any CPU
		{322D7F4B-BE1A-4975-9844-72ED8BD508D4}.Debug|iPhoneSimulator.Build.0 = Debug|Any CPU
		{322D7F4B-BE1A-4975-9844-72ED8BD508D4}.Release|Any CPU.ActiveCfg = Release|Any CPU
		{322D7F4B-BE1A-4975-9844-72ED8BD508D4}.Release|Any CPU.Build.0 = Release|Any CPU
		{322D7F4B-BE1A-4975-9844-72ED8BD508D4}.Release|iPhone.ActiveCfg = Release|Any CPU
		{322D7F4B-BE1A-4975-9844-72ED8BD508D4}.Release|iPhone.Build.0 = Release|Any CPU
		{322D7F4B-BE1A-4975-9844-72ED8BD508D4}.Release|iPhoneSimulator.ActiveCfg = Release|Any CPU
		{322D7F4B-BE1A-4975-9844-72ED8BD508D4}.Release|iPhoneSimulator.Build.0 = Release|Any CPU
	EndGlobalSection
	GlobalSection(SolutionProperties) = preSolution
		HideSolutionNode = FALSE
	EndGlobalSection
	GlobalSection(ExtensibilityGlobals) = postSolution
		SolutionGuid = {C3B24325-CE33-4CF4-ACCE-5ECA09EAE315}
	EndGlobalSection
EndGlobal
